
Microsoft Visual Studio Solution File, Format Version 12.00
# Visual Studio Version 17
VisualStudioVersion = 17.0.31710.8
MinimumVisualStudioVersion = 10.0.40219.1
Project("{9A19103F-16F7-4668-BE54-9A1E7A4F7556}") = "Legerity", "Legerity\Legerity.csproj", "{6E084F55-FB61-4B0A-AF1D-454D67FBFD8E}"
EndProject
Project("{2150E333-8FDC-42A3-9474-1A3956D46DE8}") = "Samples", "Samples", "{71D6D4B1-DD5C-4238-8E85-5BC755F40931}"
EndProject
Project("{9A19103F-16F7-4668-BE54-9A1E7A4F7556}") = "XamlControlsGallery", "..\samples\XamlControlsGallery\XamlControlsGallery.csproj", "{DEF3B388-F782-4E32-B72B-732F1C1BEB62}"
EndProject
Project("{9A19103F-16F7-4668-BE54-9A1E7A4F7556}") = "WindowsAlarmsAndClock", "..\samples\WindowsAlarmsAndClock\WindowsAlarmsAndClock.csproj", "{B6A4DAD1-7DEF-40B7-AEAE-667EA2931070}"
EndProject
Project("{9A19103F-16F7-4668-BE54-9A1E7A4F7556}") = "Legerity.WinUI", "Legerity.WinUI\Legerity.WinUI.csproj", "{39CD911A-FE7A-47AB-8581-888352267554}"
EndProject
Project("{2150E333-8FDC-42A3-9474-1A3956D46DE8}") = "Web", "Web", "{CB7ABF30-DCCF-46FA-BA02-BCAEEE04D08F}"
EndProject
Project("{2150E333-8FDC-42A3-9474-1A3956D46DE8}") = "Windows", "Windows", "{158C404E-1082-4803-A5AD-D26FC6432A6D}"
EndProject
Project("{9A19103F-16F7-4668-BE54-9A1E7A4F7556}") = "WebTests", "..\samples\WebTests\WebTests.csproj", "{0BCFB2AC-9B1B-41DF-919C-521E60AA0186}"
EndProject
Project("{9A19103F-16F7-4668-BE54-9A1E7A4F7556}") = "Legerity.WCT", "Legerity.WCT\Legerity.WCT.csproj", "{DAE078FF-6E67-440E-B501-C2524209CF88}"
EndProject
Project("{9A19103F-16F7-4668-BE54-9A1E7A4F7556}") = "WindowsCommunityToolkitSampleApp", "..\samples\WindowsCommunityToolkitSampleApp\WindowsCommunityToolkitSampleApp.csproj", "{837B7598-683F-4987-9765-B7C6CB0784CE}"
EndProject
Project("{2150E333-8FDC-42A3-9474-1A3956D46DE8}") = "Android", "Android", "{617745C1-33AA-4842-B808-FEF5A88DE341}"
EndProject
Project("{2150E333-8FDC-42A3-9474-1A3956D46DE8}") = "Core", "Core", "{44456B3E-73D9-43C5-9644-430E293ECD5E}"
EndProject
Project("{2150E333-8FDC-42A3-9474-1A3956D46DE8}") = "Edge", "Edge", "{1BA37704-10A3-4EDC-94AA-BF0D8CD11A9C}"
EndProject
Project("{2150E333-8FDC-42A3-9474-1A3956D46DE8}") = "Core", "Core", "{23B9C3A6-EABF-441A-A039-364F21042F32}"
EndProject
Project("{2150E333-8FDC-42A3-9474-1A3956D46DE8}") = "WCT", "WCT", "{39F4A6D4-56E0-4BF3-81BC-251DC55E8594}"
EndProject
Project("{2150E333-8FDC-42A3-9474-1A3956D46DE8}") = "WinUI", "WinUI", "{EC0F5136-1882-4C67-B1CB-F3843FEF12CF}"
EndProject
Project("{9A19103F-16F7-4668-BE54-9A1E7A4F7556}") = "Legerity.MADE", "Legerity.MADE\Legerity.MADE.csproj", "{AD0B92F8-E67B-46FB-8F9F-F080853CB7EF}"
EndProject
Project("{2150E333-8FDC-42A3-9474-1A3956D46DE8}") = "MADE", "MADE", "{D1868E36-E3C4-467C-8627-60643DCF771C}"
EndProject
Project("{9A19103F-16F7-4668-BE54-9A1E7A4F7556}") = "MADESampleApp", "..\samples\MADESampleApp\MADESampleApp.csproj", "{E2402575-282E-4529-9819-3CEA8713010D}"
EndProject
Project("{9A19103F-16F7-4668-BE54-9A1E7A4F7556}") = "Legerity.Telerik.Uwp", "Legerity.Telerik.Uwp\Legerity.Telerik.Uwp.csproj", "{C2C23847-72CA-4201-BEF0-49EB4DFE33FE}"
EndProject
Project("{2150E333-8FDC-42A3-9474-1A3956D46DE8}") = "Telerik", "Telerik", "{158E9EAA-AEE0-4E0C-81E0-6E9E63341CC1}"
EndProject
Project("{9A19103F-16F7-4668-BE54-9A1E7A4F7556}") = "TelerikUwpSdkSample", "..\samples\TelerikUwpSdkSample\TelerikUwpSdkSample.csproj", "{EF10E4CE-62F1-41A9-807A-79A153CD7A04}"
EndProject
Project("{9A19103F-16F7-4668-BE54-9A1E7A4F7556}") = "AndroidCoreSamples", "..\samples\AndroidCoreSamples\AndroidCoreSamples.csproj", "{9D100607-5873-419C-B1AD-8DE55E464CFE}"
EndProject
Project("{9A19103F-16F7-4668-BE54-9A1E7A4F7556}") = "W3SchoolsWebTests", "..\samples\W3SchoolsWebTests\W3SchoolsWebTests.csproj", "{89BD06DC-7E77-4062-9149-EF95D3F9D999}"
EndProject
Project("{9A19103F-16F7-4668-BE54-9A1E7A4F7556}") = "Legerity.Windows", "Legerity.Windows\Legerity.Windows.csproj", "{05F72C9E-FBF7-44D8-9201-2BE21D138989}"
EndProject
Project("{9A19103F-16F7-4668-BE54-9A1E7A4F7556}") = "Legerity.Core", "Legerity.Core\Legerity.Core.csproj", "{48417FD9-1A34-4526-B96F-50DA5A00F346}"
EndProject
Project("{9A19103F-16F7-4668-BE54-9A1E7A4F7556}") = "Legerity.Android", "Legerity.Android\Legerity.Android.csproj", "{9D35994A-8A9F-4201-BF1A-5405009FDBDA}"
EndProject
Project("{9A19103F-16F7-4668-BE54-9A1E7A4F7556}") = "Legerity.IOS", "Legerity.IOS\Legerity.IOS.csproj", "{8137CE31-02F7-48B5-B663-47782F790EE9}"
EndProject
Project("{9A19103F-16F7-4668-BE54-9A1E7A4F7556}") = "Legerity.Web", "Legerity.Web\Legerity.Web.csproj", "{66469000-1C91-4CBA-A27E-043C3E222DA6}"
EndProject
Project("{2150E333-8FDC-42A3-9474-1A3956D46DE8}") = "Tools", "Tools", "{9064E354-7A64-4288-93E5-B3628CA12DD3}"
EndProject
Project("{9A19103F-16F7-4668-BE54-9A1E7A4F7556}") = "Legerity.PageObjectGenerator", "..\tools\Legerity.PageObjectGenerator\Legerity.PageObjectGenerator.csproj", "{063E6264-F623-4469-BADF-95C8E93E3ACF}"
EndProject
Global
	GlobalSection(SolutionConfigurationPlatforms) = preSolution
		Debug|Any CPU = Debug|Any CPU
		Release|Any CPU = Release|Any CPU
	EndGlobalSection
	GlobalSection(ProjectConfigurationPlatforms) = postSolution
		{6E084F55-FB61-4B0A-AF1D-454D67FBFD8E}.Debug|Any CPU.ActiveCfg = Debug|Any CPU
		{6E084F55-FB61-4B0A-AF1D-454D67FBFD8E}.Debug|Any CPU.Build.0 = Debug|Any CPU
		{6E084F55-FB61-4B0A-AF1D-454D67FBFD8E}.Release|Any CPU.ActiveCfg = Release|Any CPU
		{6E084F55-FB61-4B0A-AF1D-454D67FBFD8E}.Release|Any CPU.Build.0 = Release|Any CPU
		{DEF3B388-F782-4E32-B72B-732F1C1BEB62}.Debug|Any CPU.ActiveCfg = Debug|Any CPU
		{DEF3B388-F782-4E32-B72B-732F1C1BEB62}.Debug|Any CPU.Build.0 = Debug|Any CPU
		{DEF3B388-F782-4E32-B72B-732F1C1BEB62}.Release|Any CPU.ActiveCfg = Release|Any CPU
		{B6A4DAD1-7DEF-40B7-AEAE-667EA2931070}.Debug|Any CPU.ActiveCfg = Debug|Any CPU
		{B6A4DAD1-7DEF-40B7-AEAE-667EA2931070}.Debug|Any CPU.Build.0 = Debug|Any CPU
		{B6A4DAD1-7DEF-40B7-AEAE-667EA2931070}.Release|Any CPU.ActiveCfg = Release|Any CPU
		{39CD911A-FE7A-47AB-8581-888352267554}.Debug|Any CPU.ActiveCfg = Debug|Any CPU
		{39CD911A-FE7A-47AB-8581-888352267554}.Debug|Any CPU.Build.0 = Debug|Any CPU
		{39CD911A-FE7A-47AB-8581-888352267554}.Release|Any CPU.ActiveCfg = Release|Any CPU
		{39CD911A-FE7A-47AB-8581-888352267554}.Release|Any CPU.Build.0 = Release|Any CPU
		{0BCFB2AC-9B1B-41DF-919C-521E60AA0186}.Debug|Any CPU.ActiveCfg = Debug|Any CPU
		{0BCFB2AC-9B1B-41DF-919C-521E60AA0186}.Debug|Any CPU.Build.0 = Debug|Any CPU
		{0BCFB2AC-9B1B-41DF-919C-521E60AA0186}.Release|Any CPU.ActiveCfg = Release|Any CPU
		{DAE078FF-6E67-440E-B501-C2524209CF88}.Debug|Any CPU.ActiveCfg = Debug|Any CPU
		{DAE078FF-6E67-440E-B501-C2524209CF88}.Debug|Any CPU.Build.0 = Debug|Any CPU
		{DAE078FF-6E67-440E-B501-C2524209CF88}.Release|Any CPU.ActiveCfg = Release|Any CPU
		{DAE078FF-6E67-440E-B501-C2524209CF88}.Release|Any CPU.Build.0 = Release|Any CPU
		{837B7598-683F-4987-9765-B7C6CB0784CE}.Debug|Any CPU.ActiveCfg = Debug|Any CPU
		{837B7598-683F-4987-9765-B7C6CB0784CE}.Debug|Any CPU.Build.0 = Debug|Any CPU
		{837B7598-683F-4987-9765-B7C6CB0784CE}.Release|Any CPU.ActiveCfg = Release|Any CPU
		{AD0B92F8-E67B-46FB-8F9F-F080853CB7EF}.Debug|Any CPU.ActiveCfg = Debug|Any CPU
		{AD0B92F8-E67B-46FB-8F9F-F080853CB7EF}.Debug|Any CPU.Build.0 = Debug|Any CPU
		{AD0B92F8-E67B-46FB-8F9F-F080853CB7EF}.Release|Any CPU.ActiveCfg = Release|Any CPU
		{AD0B92F8-E67B-46FB-8F9F-F080853CB7EF}.Release|Any CPU.Build.0 = Release|Any CPU
		{E2402575-282E-4529-9819-3CEA8713010D}.Debug|Any CPU.ActiveCfg = Debug|Any CPU
		{E2402575-282E-4529-9819-3CEA8713010D}.Debug|Any CPU.Build.0 = Debug|Any CPU
		{E2402575-282E-4529-9819-3CEA8713010D}.Release|Any CPU.ActiveCfg = Release|Any CPU
		{C2C23847-72CA-4201-BEF0-49EB4DFE33FE}.Debug|Any CPU.ActiveCfg = Debug|Any CPU
		{C2C23847-72CA-4201-BEF0-49EB4DFE33FE}.Debug|Any CPU.Build.0 = Debug|Any CPU
		{C2C23847-72CA-4201-BEF0-49EB4DFE33FE}.Release|Any CPU.ActiveCfg = Release|Any CPU
		{C2C23847-72CA-4201-BEF0-49EB4DFE33FE}.Release|Any CPU.Build.0 = Release|Any CPU
		{EF10E4CE-62F1-41A9-807A-79A153CD7A04}.Debug|Any CPU.ActiveCfg = Debug|Any CPU
		{EF10E4CE-62F1-41A9-807A-79A153CD7A04}.Debug|Any CPU.Build.0 = Debug|Any CPU
		{EF10E4CE-62F1-41A9-807A-79A153CD7A04}.Release|Any CPU.ActiveCfg = Release|Any CPU
		{9D100607-5873-419C-B1AD-8DE55E464CFE}.Debug|Any CPU.ActiveCfg = Debug|Any CPU
		{9D100607-5873-419C-B1AD-8DE55E464CFE}.Debug|Any CPU.Build.0 = Debug|Any CPU
		{9D100607-5873-419C-B1AD-8DE55E464CFE}.Release|Any CPU.ActiveCfg = Release|Any CPU
		{89BD06DC-7E77-4062-9149-EF95D3F9D999}.Debug|Any CPU.ActiveCfg = Debug|Any CPU
		{89BD06DC-7E77-4062-9149-EF95D3F9D999}.Debug|Any CPU.Build.0 = Debug|Any CPU
		{89BD06DC-7E77-4062-9149-EF95D3F9D999}.Release|Any CPU.ActiveCfg = Release|Any CPU
		{05F72C9E-FBF7-44D8-9201-2BE21D138989}.Debug|Any CPU.ActiveCfg = Debug|Any CPU
		{05F72C9E-FBF7-44D8-9201-2BE21D138989}.Debug|Any CPU.Build.0 = Debug|Any CPU
		{05F72C9E-FBF7-44D8-9201-2BE21D138989}.Release|Any CPU.ActiveCfg = Release|Any CPU
		{05F72C9E-FBF7-44D8-9201-2BE21D138989}.Release|Any CPU.Build.0 = Release|Any CPU
		{48417FD9-1A34-4526-B96F-50DA5A00F346}.Debug|Any CPU.ActiveCfg = Debug|Any CPU
		{48417FD9-1A34-4526-B96F-50DA5A00F346}.Debug|Any CPU.Build.0 = Debug|Any CPU
		{48417FD9-1A34-4526-B96F-50DA5A00F346}.Release|Any CPU.ActiveCfg = Release|Any CPU
		{48417FD9-1A34-4526-B96F-50DA5A00F346}.Release|Any CPU.Build.0 = Release|Any CPU
		{9D35994A-8A9F-4201-BF1A-5405009FDBDA}.Debug|Any CPU.ActiveCfg = Debug|Any CPU
		{9D35994A-8A9F-4201-BF1A-5405009FDBDA}.Debug|Any CPU.Build.0 = Debug|Any CPU
		{9D35994A-8A9F-4201-BF1A-5405009FDBDA}.Release|Any CPU.ActiveCfg = Release|Any CPU
		{9D35994A-8A9F-4201-BF1A-5405009FDBDA}.Release|Any CPU.Build.0 = Release|Any CPU
		{8137CE31-02F7-48B5-B663-47782F790EE9}.Debug|Any CPU.ActiveCfg = Debug|Any CPU
		{8137CE31-02F7-48B5-B663-47782F790EE9}.Debug|Any CPU.Build.0 = Debug|Any CPU
		{8137CE31-02F7-48B5-B663-47782F790EE9}.Release|Any CPU.ActiveCfg = Release|Any CPU
		{8137CE31-02F7-48B5-B663-47782F790EE9}.Release|Any CPU.Build.0 = Release|Any CPU
		{66469000-1C91-4CBA-A27E-043C3E222DA6}.Debug|Any CPU.ActiveCfg = Debug|Any CPU
		{66469000-1C91-4CBA-A27E-043C3E222DA6}.Debug|Any CPU.Build.0 = Debug|Any CPU
		{66469000-1C91-4CBA-A27E-043C3E222DA6}.Release|Any CPU.ActiveCfg = Release|Any CPU
		{66469000-1C91-4CBA-A27E-043C3E222DA6}.Release|Any CPU.Build.0 = Release|Any CPU
		{063E6264-F623-4469-BADF-95C8E93E3ACF}.Debug|Any CPU.ActiveCfg = Debug|Any CPU
		{063E6264-F623-4469-BADF-95C8E93E3ACF}.Debug|Any CPU.Build.0 = Debug|Any CPU
		{063E6264-F623-4469-BADF-95C8E93E3ACF}.Release|Any CPU.ActiveCfg = Release|Any CPU
		{063E6264-F623-4469-BADF-95C8E93E3ACF}.Release|Any CPU.Build.0 = Release|Any CPU
	EndGlobalSection
	GlobalSection(SolutionProperties) = preSolution
		HideSolutionNode = FALSE
	EndGlobalSection
	GlobalSection(NestedProjects) = preSolution
		{DEF3B388-F782-4E32-B72B-732F1C1BEB62} = {EC0F5136-1882-4C67-B1CB-F3843FEF12CF}
		{B6A4DAD1-7DEF-40B7-AEAE-667EA2931070} = {23B9C3A6-EABF-441A-A039-364F21042F32}
		{CB7ABF30-DCCF-46FA-BA02-BCAEEE04D08F} = {71D6D4B1-DD5C-4238-8E85-5BC755F40931}
		{158C404E-1082-4803-A5AD-D26FC6432A6D} = {71D6D4B1-DD5C-4238-8E85-5BC755F40931}
		{0BCFB2AC-9B1B-41DF-919C-521E60AA0186} = {1BA37704-10A3-4EDC-94AA-BF0D8CD11A9C}
		{837B7598-683F-4987-9765-B7C6CB0784CE} = {39F4A6D4-56E0-4BF3-81BC-251DC55E8594}
		{617745C1-33AA-4842-B808-FEF5A88DE341} = {71D6D4B1-DD5C-4238-8E85-5BC755F40931}
		{44456B3E-73D9-43C5-9644-430E293ECD5E} = {617745C1-33AA-4842-B808-FEF5A88DE341}
		{1BA37704-10A3-4EDC-94AA-BF0D8CD11A9C} = {CB7ABF30-DCCF-46FA-BA02-BCAEEE04D08F}
		{23B9C3A6-EABF-441A-A039-364F21042F32} = {158C404E-1082-4803-A5AD-D26FC6432A6D}
		{39F4A6D4-56E0-4BF3-81BC-251DC55E8594} = {158C404E-1082-4803-A5AD-D26FC6432A6D}
		{EC0F5136-1882-4C67-B1CB-F3843FEF12CF} = {158C404E-1082-4803-A5AD-D26FC6432A6D}
		{D1868E36-E3C4-467C-8627-60643DCF771C} = {158C404E-1082-4803-A5AD-D26FC6432A6D}
		{E2402575-282E-4529-9819-3CEA8713010D} = {D1868E36-E3C4-467C-8627-60643DCF771C}
		{158E9EAA-AEE0-4E0C-81E0-6E9E63341CC1} = {158C404E-1082-4803-A5AD-D26FC6432A6D}
		{EF10E4CE-62F1-41A9-807A-79A153CD7A04} = {158E9EAA-AEE0-4E0C-81E0-6E9E63341CC1}
		{9D100607-5873-419C-B1AD-8DE55E464CFE} = {44456B3E-73D9-43C5-9644-430E293ECD5E}
		{89BD06DC-7E77-4062-9149-EF95D3F9D999} = {1BA37704-10A3-4EDC-94AA-BF0D8CD11A9C}
		{063E6264-F623-4469-BADF-95C8E93E3ACF} = {9064E354-7A64-4288-93E5-B3628CA12DD3}
	EndGlobalSection
	GlobalSection(ExtensibilityGlobals) = postSolution
		SolutionGuid = {FAB58D66-B3F1-408A-A96F-572170771367}
	EndGlobalSection
EndGlobal
