
Microsoft Visual Studio Solution File, Format Version 12.00
# Visual Studio Version 16
VisualStudioVersion = 16.0.30011.22
MinimumVisualStudioVersion = 10.0.40219.1
Project("{9A19103F-16F7-4668-BE54-9A1E7A4F7556}") = "Legerity", "Legerity\Legerity.csproj", "{6E084F55-FB61-4B0A-AF1D-454D67FBFD8E}"
EndProject
Project("{2150E333-8FDC-42A3-9474-1A3956D46DE8}") = "Samples", "Samples", "{71D6D4B1-DD5C-4238-8E85-5BC755F40931}"
EndProject
Project("{9A19103F-16F7-4668-BE54-9A1E7A4F7556}") = "XamlControlsGallery", "..\samples\XamlControlsGallery\XamlControlsGallery.csproj", "{DEF3B388-F782-4E32-B72B-732F1C1BEB62}"
EndProject
Project("{9A19103F-16F7-4668-BE54-9A1E7A4F7556}") = "WindowsAlarmsAndClock", "..\samples\WindowsAlarmsAndClock\WindowsAlarmsAndClock.csproj", "{B6A4DAD1-7DEF-40B7-AEAE-667EA2931070}"
EndProject
Project("{9A19103F-16F7-4668-BE54-9A1E7A4F7556}") = "Legerity.WinUI", "Legerity.WinUI\Legerity.WinUI.csproj", "{39CD911A-FE7A-47AB-8581-888352267554}"
EndProject
Project("{2150E333-8FDC-42A3-9474-1A3956D46DE8}") = "Web", "Web", "{CB7ABF30-DCCF-46FA-BA02-BCAEEE04D08F}"
EndProject
Project("{2150E333-8FDC-42A3-9474-1A3956D46DE8}") = "Windows", "Windows", "{158C404E-1082-4803-A5AD-D26FC6432A6D}"
EndProject
Project("{9A19103F-16F7-4668-BE54-9A1E7A4F7556}") = "WebTests", "..\samples\WebTests\WebTests.csproj", "{0BCFB2AC-9B1B-41DF-919C-521E60AA0186}"
EndProject
Project("{FAE04EC0-301F-11D3-BF4B-00C04F79EFBC}") = "Legerity.WCT", "Legerity.WCT\Legerity.WCT.csproj", "{DAE078FF-6E67-440E-B501-C2524209CF88}"
EndProject
Project("{FAE04EC0-301F-11D3-BF4B-00C04F79EFBC}") = "WindowsCommunityToolkitSampleApp", "..\samples\WindowsCommunityToolkitSampleApp\WindowsCommunityToolkitSampleApp.csproj", "{837B7598-683F-4987-9765-B7C6CB0784CE}"
EndProject
Global
	GlobalSection(SolutionConfigurationPlatforms) = preSolution
		Debug|Any CPU = Debug|Any CPU
		Release|Any CPU = Release|Any CPU
	EndGlobalSection
	GlobalSection(ProjectConfigurationPlatforms) = postSolution
		{6E084F55-FB61-4B0A-AF1D-454D67FBFD8E}.Debug|Any CPU.ActiveCfg = Debug|Any CPU
		{6E084F55-FB61-4B0A-AF1D-454D67FBFD8E}.Debug|Any CPU.Build.0 = Debug|Any CPU
		{6E084F55-FB61-4B0A-AF1D-454D67FBFD8E}.Release|Any CPU.ActiveCfg = Release|Any CPU
		{6E084F55-FB61-4B0A-AF1D-454D67FBFD8E}.Release|Any CPU.Build.0 = Release|Any CPU
		{DEF3B388-F782-4E32-B72B-732F1C1BEB62}.Debug|Any CPU.ActiveCfg = Debug|Any CPU
		{DEF3B388-F782-4E32-B72B-732F1C1BEB62}.Debug|Any CPU.Build.0 = Debug|Any CPU
		{DEF3B388-F782-4E32-B72B-732F1C1BEB62}.Release|Any CPU.ActiveCfg = Release|Any CPU
		{DEF3B388-F782-4E32-B72B-732F1C1BEB62}.Release|Any CPU.Build.0 = Release|Any CPU
		{B6A4DAD1-7DEF-40B7-AEAE-667EA2931070}.Debug|Any CPU.ActiveCfg = Debug|Any CPU
		{B6A4DAD1-7DEF-40B7-AEAE-667EA2931070}.Debug|Any CPU.Build.0 = Debug|Any CPU
		{B6A4DAD1-7DEF-40B7-AEAE-667EA2931070}.Release|Any CPU.ActiveCfg = Release|Any CPU
		{B6A4DAD1-7DEF-40B7-AEAE-667EA2931070}.Release|Any CPU.Build.0 = Release|Any CPU
		{39CD911A-FE7A-47AB-8581-888352267554}.Debug|Any CPU.ActiveCfg = Debug|Any CPU
		{39CD911A-FE7A-47AB-8581-888352267554}.Debug|Any CPU.Build.0 = Debug|Any CPU
		{39CD911A-FE7A-47AB-8581-888352267554}.Release|Any CPU.ActiveCfg = Release|Any CPU
		{39CD911A-FE7A-47AB-8581-888352267554}.Release|Any CPU.Build.0 = Release|Any CPU
		{0BCFB2AC-9B1B-41DF-919C-521E60AA0186}.Debug|Any CPU.ActiveCfg = Debug|Any CPU
		{0BCFB2AC-9B1B-41DF-919C-521E60AA0186}.Debug|Any CPU.Build.0 = Debug|Any CPU
		{0BCFB2AC-9B1B-41DF-919C-521E60AA0186}.Release|Any CPU.ActiveCfg = Release|Any CPU
		{0BCFB2AC-9B1B-41DF-919C-521E60AA0186}.Release|Any CPU.Build.0 = Release|Any CPU
		{DAE078FF-6E67-440E-B501-C2524209CF88}.Debug|Any CPU.ActiveCfg = Debug|Any CPU
		{DAE078FF-6E67-440E-B501-C2524209CF88}.Debug|Any CPU.Build.0 = Debug|Any CPU
		{DAE078FF-6E67-440E-B501-C2524209CF88}.Release|Any CPU.ActiveCfg = Release|Any CPU
		{DAE078FF-6E67-440E-B501-C2524209CF88}.Release|Any CPU.Build.0 = Release|Any CPU
		{837B7598-683F-4987-9765-B7C6CB0784CE}.Debug|Any CPU.ActiveCfg = Debug|Any CPU
		{837B7598-683F-4987-9765-B7C6CB0784CE}.Debug|Any CPU.Build.0 = Debug|Any CPU
		{837B7598-683F-4987-9765-B7C6CB0784CE}.Release|Any CPU.ActiveCfg = Release|Any CPU
		{837B7598-683F-4987-9765-B7C6CB0784CE}.Release|Any CPU.Build.0 = Release|Any CPU
	EndGlobalSection
	GlobalSection(SolutionProperties) = preSolution
		HideSolutionNode = FALSE
	EndGlobalSection
	GlobalSection(NestedProjects) = preSolution
		{DEF3B388-F782-4E32-B72B-732F1C1BEB62} = {158C404E-1082-4803-A5AD-D26FC6432A6D}
		{B6A4DAD1-7DEF-40B7-AEAE-667EA2931070} = {158C404E-1082-4803-A5AD-D26FC6432A6D}
		{CB7ABF30-DCCF-46FA-BA02-BCAEEE04D08F} = {71D6D4B1-DD5C-4238-8E85-5BC755F40931}
		{158C404E-1082-4803-A5AD-D26FC6432A6D} = {71D6D4B1-DD5C-4238-8E85-5BC755F40931}
		{0BCFB2AC-9B1B-41DF-919C-521E60AA0186} = {CB7ABF30-DCCF-46FA-BA02-BCAEEE04D08F}
		{837B7598-683F-4987-9765-B7C6CB0784CE} = {158C404E-1082-4803-A5AD-D26FC6432A6D}
	EndGlobalSection
	GlobalSection(ExtensibilityGlobals) = postSolution
		SolutionGuid = {FAB58D66-B3F1-408A-A96F-572170771367}
	EndGlobalSection
EndGlobal
